PODS:
  - Masonry (1.1.0)
  - MBProgressHUD (1.1.0)

DEPENDENCIES:
  - Masonry
  - MBProgressHUD

SPEC REPOS:
  trunk:
    - Masonry
    - MBProgressHUD

SPEC CHECKSUMS:
  Masonry: 678fab65091a9290e40e2832a55e7ab731aad201
  MBProgressHUD: e7baa36a220447d8aeb12769bf0585582f3866d9

PODFILE CHECKSUM: 9e877012c9806f279be876df04325e4d75a62916

COCOAPODS: 1.11.3
