PODS:
  - CHPageControl (0.0.4)
  - Masonry (1.1.0)

DEPENDENCIES:
  - CHPageControl
  - Masonry

SPEC REPOS:
  https://github.com/cocoapods/specs.git:
    - CHPageControl
    - Masonry

SPEC CHECKSUMS:
  CHPageControl: 07a23ff6e14333d7e857f0033c982db9761fd628
  Masonry: 678fab65091a9290e40e2832a55e7ab731aad201

PODFILE CHECKSUM: 78c93d6bebf17e4f728ac33f38e2bd71acb727b2

COCOAPODS: 1.6.0.beta.2
